
Microsoft Visual Studio Solution File, Format Version 12.00
# Visual Studio Version 17
VisualStudioVersion = 17.1.32421.90
MinimumVisualStudioVersion = 10.0.40219.1
Project("{9A19103F-16F7-4668-BE54-9A1E7A4F7556}") = "WarGames.Business", "WarGames.Business\WarGames.Business.csproj", "{52DFE648-043C-45AD-9513-D00333EB94ED}"
EndProject
Project("{9A19103F-16F7-4668-BE54-9A1E7A4F7556}") = "WarGames.Contracts", "WarGames.Contracts\WarGames.Contracts.csproj", "{81255161-3CA0-4456-9B61-932F6FAD9C91}"
EndProject
Project("{9A19103F-16F7-4668-BE54-9A1E7A4F7556}") = "WarGames.Business.NUnit", "WarGames.Business.NUnit\WarGames.Business.NUnit.csproj", "{3FF2C7E2-8A4E-4995-BA86-12D17F4BE585}"
EndProject
Project("{9A19103F-16F7-4668-BE54-9A1E7A4F7556}") = "WarGames.Resources", "WarGames.Resources\WarGames.Resources.csproj", "{47226370-5262-48EE-B2BA-1D75843CF18C}"
EndProject
Project("{9A19103F-16F7-4668-BE54-9A1E7A4F7556}") = "Map.Engine", "Map.Engine\Map.Engine.csproj", "{4E31EE39-E7DC-4CEF-8975-EDAA2FBA55A3}"
EndProject
Project("{9A19103F-16F7-4668-BE54-9A1E7A4F7556}") = "Map.Engine.NUnit", "Map.Engine.NUnit\Map.Engine.NUnit.csproj", "{CF29BFE1-209F-4E24-AD18-530438B64734}"
EndProject
Project("{9A19103F-16F7-4668-BE54-9A1E7A4F7556}") = "WarGames.Simulator.NUnit", "WarGames.Simulator.NUnit\WarGames.Simulator.NUnit.csproj", "{0180718B-C791-4713-B682-FDCBF7DC6B50}"
EndProject
Project("{9A19103F-16F7-4668-BE54-9A1E7A4F7556}") = "WarGames.Business.xUnit", "WarGames.Business.xUnit\WarGames.Business.xUnit.csproj", "{B2F7BC71-F819-4783-BD34-87DF6DD3B210}"
EndProject
Project("{9A19103F-16F7-4668-BE54-9A1E7A4F7556}") = "WarGames.Business.MSTest", "WarGames.Business.MSTest\WarGames.Business.MSTest.csproj", "{F3B415C7-DBE1-4231-81DC-3612D7470CE1}"
EndProject
Project("{9A19103F-16F7-4668-BE54-9A1E7A4F7556}") = "SimpleMap.Contracts", "SimpleMap.Contracts\SimpleMap.Contracts.csproj", "{5B86D491-69E1-4B14-B42B-AB2EF62CE6EB}"
EndProject
Project("{9A19103F-16F7-4668-BE54-9A1E7A4F7556}") = "WarGames.CLI", "WarGames.CLI\WarGames.CLI.csproj", "{F25EE0A0-BC02-4171-944C-BCEEEDA4FC76}"
EndProject
Project("{FAE04EC0-301F-11D3-BF4B-00C04F79EFBC}") = "WarGames.WebAPI", "WarGames.WebAPI\WarGames.WebAPI.csproj", "{D25885A9-D8B5-4F60-8277-59BF1EEF13BB}"
EndProject
Global
	GlobalSection(SolutionConfigurationPlatforms) = preSolution
		Debug|Any CPU = Debug|Any CPU
		Release|Any CPU = Release|Any CPU
	EndGlobalSection
	GlobalSection(ProjectConfigurationPlatforms) = postSolution
		{52DFE648-043C-45AD-9513-D00333EB94ED}.Debug|Any CPU.ActiveCfg = Debug|Any CPU
		{52DFE648-043C-45AD-9513-D00333EB94ED}.Debug|Any CPU.Build.0 = Debug|Any CPU
		{52DFE648-043C-45AD-9513-D00333EB94ED}.Release|Any CPU.ActiveCfg = Release|Any CPU
		{52DFE648-043C-45AD-9513-D00333EB94ED}.Release|Any CPU.Build.0 = Release|Any CPU
		{81255161-3CA0-4456-9B61-932F6FAD9C91}.Debug|Any CPU.ActiveCfg = Debug|Any CPU
		{81255161-3CA0-4456-9B61-932F6FAD9C91}.Debug|Any CPU.Build.0 = Debug|Any CPU
		{81255161-3CA0-4456-9B61-932F6FAD9C91}.Release|Any CPU.ActiveCfg = Release|Any CPU
		{81255161-3CA0-4456-9B61-932F6FAD9C91}.Release|Any CPU.Build.0 = Release|Any CPU
		{3FF2C7E2-8A4E-4995-BA86-12D17F4BE585}.Debug|Any CPU.ActiveCfg = Debug|Any CPU
		{3FF2C7E2-8A4E-4995-BA86-12D17F4BE585}.Debug|Any CPU.Build.0 = Debug|Any CPU
		{3FF2C7E2-8A4E-4995-BA86-12D17F4BE585}.Release|Any CPU.ActiveCfg = Release|Any CPU
		{3FF2C7E2-8A4E-4995-BA86-12D17F4BE585}.Release|Any CPU.Build.0 = Release|Any CPU
		{47226370-5262-48EE-B2BA-1D75843CF18C}.Debug|Any CPU.ActiveCfg = Debug|Any CPU
		{47226370-5262-48EE-B2BA-1D75843CF18C}.Debug|Any CPU.Build.0 = Debug|Any CPU
		{47226370-5262-48EE-B2BA-1D75843CF18C}.Release|Any CPU.ActiveCfg = Release|Any CPU
		{47226370-5262-48EE-B2BA-1D75843CF18C}.Release|Any CPU.Build.0 = Release|Any CPU
		{4E31EE39-E7DC-4CEF-8975-EDAA2FBA55A3}.Debug|Any CPU.ActiveCfg = Debug|Any CPU
		{4E31EE39-E7DC-4CEF-8975-EDAA2FBA55A3}.Debug|Any CPU.Build.0 = Debug|Any CPU
		{4E31EE39-E7DC-4CEF-8975-EDAA2FBA55A3}.Release|Any CPU.ActiveCfg = Release|Any CPU
		{4E31EE39-E7DC-4CEF-8975-EDAA2FBA55A3}.Release|Any CPU.Build.0 = Release|Any CPU
		{CF29BFE1-209F-4E24-AD18-530438B64734}.Debug|Any CPU.ActiveCfg = Debug|Any CPU
		{CF29BFE1-209F-4E24-AD18-530438B64734}.Debug|Any CPU.Build.0 = Debug|Any CPU
		{CF29BFE1-209F-4E24-AD18-530438B64734}.Release|Any CPU.ActiveCfg = Release|Any CPU
		{CF29BFE1-209F-4E24-AD18-530438B64734}.Release|Any CPU.Build.0 = Release|Any CPU
		{0180718B-C791-4713-B682-FDCBF7DC6B50}.Debug|Any CPU.ActiveCfg = Debug|Any CPU
		{0180718B-C791-4713-B682-FDCBF7DC6B50}.Debug|Any CPU.Build.0 = Debug|Any CPU
		{0180718B-C791-4713-B682-FDCBF7DC6B50}.Release|Any CPU.ActiveCfg = Release|Any CPU
		{0180718B-C791-4713-B682-FDCBF7DC6B50}.Release|Any CPU.Build.0 = Release|Any CPU
		{B2F7BC71-F819-4783-BD34-87DF6DD3B210}.Debug|Any CPU.ActiveCfg = Debug|Any CPU
		{B2F7BC71-F819-4783-BD34-87DF6DD3B210}.Debug|Any CPU.Build.0 = Debug|Any CPU
		{B2F7BC71-F819-4783-BD34-87DF6DD3B210}.Release|Any CPU.ActiveCfg = Release|Any CPU
		{B2F7BC71-F819-4783-BD34-87DF6DD3B210}.Release|Any CPU.Build.0 = Release|Any CPU
		{F3B415C7-DBE1-4231-81DC-3612D7470CE1}.Debug|Any CPU.ActiveCfg = Debug|Any CPU
		{F3B415C7-DBE1-4231-81DC-3612D7470CE1}.Debug|Any CPU.Build.0 = Debug|Any CPU
		{F3B415C7-DBE1-4231-81DC-3612D7470CE1}.Release|Any CPU.ActiveCfg = Release|Any CPU
		{F3B415C7-DBE1-4231-81DC-3612D7470CE1}.Release|Any CPU.Build.0 = Release|Any CPU
		{5B86D491-69E1-4B14-B42B-AB2EF62CE6EB}.Debug|Any CPU.ActiveCfg = Debug|Any CPU
		{5B86D491-69E1-4B14-B42B-AB2EF62CE6EB}.Debug|Any CPU.Build.0 = Debug|Any CPU
		{5B86D491-69E1-4B14-B42B-AB2EF62CE6EB}.Release|Any CPU.ActiveCfg = Release|Any CPU
		{5B86D491-69E1-4B14-B42B-AB2EF62CE6EB}.Release|Any CPU.Build.0 = Release|Any CPU
		{F25EE0A0-BC02-4171-944C-BCEEEDA4FC76}.Debug|Any CPU.ActiveCfg = Debug|Any CPU
		{F25EE0A0-BC02-4171-944C-BCEEEDA4FC76}.Debug|Any CPU.Build.0 = Debug|Any CPU
		{F25EE0A0-BC02-4171-944C-BCEEEDA4FC76}.Release|Any CPU.ActiveCfg = Release|Any CPU
		{F25EE0A0-BC02-4171-944C-BCEEEDA4FC76}.Release|Any CPU.Build.0 = Release|Any CPU
		{D25885A9-D8B5-4F60-8277-59BF1EEF13BB}.Debug|Any CPU.ActiveCfg = Debug|Any CPU
		{D25885A9-D8B5-4F60-8277-59BF1EEF13BB}.Debug|Any CPU.Build.0 = Debug|Any CPU
		{D25885A9-D8B5-4F60-8277-59BF1EEF13BB}.Release|Any CPU.ActiveCfg = Release|Any CPU
		{D25885A9-D8B5-4F60-8277-59BF1EEF13BB}.Release|Any CPU.Build.0 = Release|Any CPU
	EndGlobalSection
	GlobalSection(SolutionProperties) = preSolution
		HideSolutionNode = FALSE
	EndGlobalSection
	GlobalSection(ExtensibilityGlobals) = postSolution
		SolutionGuid = {B404DA84-39FD-49AB-B529-480480E3BDD0}
	EndGlobalSection
EndGlobal
